
Microsoft Visual Studio Solution File, Format Version 12.00
# Visual Studio Version 17
VisualStudioVersion = 17.3.32929.385
MinimumVisualStudioVersion = 10.0.40219.1
Project("{8BC9CEB8-8B4A-11D0-8D11-00A0C91BC942}") = "shadPS4", "shadPS4\shadPS4.vcxproj", "{F005E4D9-1FBE-40B3-9FBD-35CEC59081CD}"
	ProjectSection(ProjectDependencies) = postProject
		{C39F4B46-6E89-4074-902E-CA57073044D2} = {C39F4B46-6E89-4074-902E-CA57073044D2}
	EndProjectSection
EndProject
Project("{8BC9CEB8-8B4A-11D0-8D11-00A0C91BC942}") = "Qt-Secret", "third-party\Qt-Secret\build\src\Qt-Secret.vcxproj", "{DD03939C-0E1B-3114-8D56-3CE9534A9A72}"
EndProject
Project("{8BC9CEB8-8B4A-11D0-8D11-00A0C91BC942}") = "cryptlib", "third-party\cryptopp\cryptlib.vcxproj", "{C39F4B46-6E89-4074-902E-CA57073044D2}"
EndProject
Global
	GlobalSection(SolutionConfigurationPlatforms) = preSolution
		Debug|x64 = Debug|x64
		Debug|x86 = Debug|x86
		DLL-Import Debug|x64 = DLL-Import Debug|x64
		DLL-Import Debug|x86 = DLL-Import Debug|x86
		DLL-Import Release|x64 = DLL-Import Release|x64
		DLL-Import Release|x86 = DLL-Import Release|x86
		MinSizeRel|x64 = MinSizeRel|x64
		MinSizeRel|x86 = MinSizeRel|x86
		Release|x64 = Release|x64
		Release|x86 = Release|x86
		RelWithDebInfo|x64 = RelWithDebInfo|x64
		RelWithDebInfo|x86 = RelWithDebInfo|x86
	EndGlobalSection
	GlobalSection(ProjectConfigurationPlatforms) = postSolution
		{F005E4D9-1FBE-40B3-9FBD-35CEC59081CD}.Debug|x64.ActiveCfg = Debug|x64
		{F005E4D9-1FBE-40B3-9FBD-35CEC59081CD}.Debug|x64.Build.0 = Debug|x64
		{F005E4D9-1FBE-40B3-9FBD-35CEC59081CD}.Debug|x86.ActiveCfg = Debug|x64
		{F005E4D9-1FBE-40B3-9FBD-35CEC59081CD}.Debug|x86.Build.0 = Debug|x64
		{F005E4D9-1FBE-40B3-9FBD-35CEC59081CD}.DLL-Import Debug|x64.ActiveCfg = Debug|x64
		{F005E4D9-1FBE-40B3-9FBD-35CEC59081CD}.DLL-Import Debug|x64.Build.0 = Debug|x64
		{F005E4D9-1FBE-40B3-9FBD-35CEC59081CD}.DLL-Import Debug|x86.ActiveCfg = Release|x64
		{F005E4D9-1FBE-40B3-9FBD-35CEC59081CD}.DLL-Import Debug|x86.Build.0 = Release|x64
		{F005E4D9-1FBE-40B3-9FBD-35CEC59081CD}.DLL-Import Release|x64.ActiveCfg = Release|x64
		{F005E4D9-1FBE-40B3-9FBD-35CEC59081CD}.DLL-Import Release|x64.Build.0 = Release|x64
		{F005E4D9-1FBE-40B3-9FBD-35CEC59081CD}.DLL-Import Release|x86.ActiveCfg = Release|x64
		{F005E4D9-1FBE-40B3-9FBD-35CEC59081CD}.DLL-Import Release|x86.Build.0 = Release|x64
		{F005E4D9-1FBE-40B3-9FBD-35CEC59081CD}.MinSizeRel|x64.ActiveCfg = Release|x64
		{F005E4D9-1FBE-40B3-9FBD-35CEC59081CD}.MinSizeRel|x64.Build.0 = Release|x64
		{F005E4D9-1FBE-40B3-9FBD-35CEC59081CD}.MinSizeRel|x86.ActiveCfg = Release|x64
		{F005E4D9-1FBE-40B3-9FBD-35CEC59081CD}.MinSizeRel|x86.Build.0 = Release|x64
		{F005E4D9-1FBE-40B3-9FBD-35CEC59081CD}.Release|x64.ActiveCfg = Release|x64
		{F005E4D9-1FBE-40B3-9FBD-35CEC59081CD}.Release|x64.Build.0 = Release|x64
		{F005E4D9-1FBE-40B3-9FBD-35CEC59081CD}.Release|x86.ActiveCfg = Release|x64
		{F005E4D9-1FBE-40B3-9FBD-35CEC59081CD}.Release|x86.Build.0 = Release|x64
		{F005E4D9-1FBE-40B3-9FBD-35CEC59081CD}.RelWithDebInfo|x64.ActiveCfg = Release|x64
		{F005E4D9-1FBE-40B3-9FBD-35CEC59081CD}.RelWithDebInfo|x64.Build.0 = Release|x64
		{F005E4D9-1FBE-40B3-9FBD-35CEC59081CD}.RelWithDebInfo|x86.ActiveCfg = Release|x64
		{F005E4D9-1FBE-40B3-9FBD-35CEC59081CD}.RelWithDebInfo|x86.Build.0 = Release|x64
		{DD03939C-0E1B-3114-8D56-3CE9534A9A72}.Debug|x64.ActiveCfg = Debug|x64
		{DD03939C-0E1B-3114-8D56-3CE9534A9A72}.Debug|x64.Build.0 = Debug|x64
		{DD03939C-0E1B-3114-8D56-3CE9534A9A72}.Debug|x86.ActiveCfg = Debug|x64
		{DD03939C-0E1B-3114-8D56-3CE9534A9A72}.Debug|x86.Build.0 = Debug|x64
		{DD03939C-0E1B-3114-8D56-3CE9534A9A72}.DLL-Import Debug|x64.ActiveCfg = Debug|x64
		{DD03939C-0E1B-3114-8D56-3CE9534A9A72}.DLL-Import Debug|x64.Build.0 = Debug|x64
		{DD03939C-0E1B-3114-8D56-3CE9534A9A72}.DLL-Import Debug|x86.ActiveCfg = RelWithDebInfo|x64
		{DD03939C-0E1B-3114-8D56-3CE9534A9A72}.DLL-Import Debug|x86.Build.0 = RelWithDebInfo|x64
		{DD03939C-0E1B-3114-8D56-3CE9534A9A72}.DLL-Import Release|x64.ActiveCfg = Release|x64
		{DD03939C-0E1B-3114-8D56-3CE9534A9A72}.DLL-Import Release|x64.Build.0 = Release|x64
		{DD03939C-0E1B-3114-8D56-3CE9534A9A72}.DLL-Import Release|x86.ActiveCfg = RelWithDebInfo|x64
		{DD03939C-0E1B-3114-8D56-3CE9534A9A72}.DLL-Import Release|x86.Build.0 = RelWithDebInfo|x64
		{DD03939C-0E1B-3114-8D56-3CE9534A9A72}.MinSizeRel|x64.ActiveCfg = MinSizeRel|x64
		{DD03939C-0E1B-3114-8D56-3CE9534A9A72}.MinSizeRel|x64.Build.0 = MinSizeRel|x64
		{DD03939C-0E1B-3114-8D56-3CE9534A9A72}.MinSizeRel|x86.ActiveCfg = MinSizeRel|x64
		{DD03939C-0E1B-3114-8D56-3CE9534A9A72}.MinSizeRel|x86.Build.0 = MinSizeRel|x64
		{DD03939C-0E1B-3114-8D56-3CE9534A9A72}.Release|x64.ActiveCfg = Release|x64
		{DD03939C-0E1B-3114-8D56-3CE9534A9A72}.Release|x64.Build.0 = Release|x64
		{DD03939C-0E1B-3114-8D56-3CE9534A9A72}.Release|x86.ActiveCfg = Release|x64
		{DD03939C-0E1B-3114-8D56-3CE9534A9A72}.Release|x86.Build.0 = Release|x64
		{DD03939C-0E1B-3114-8D56-3CE9534A9A72}.RelWithDebInfo|x64.ActiveCfg = RelWithDebInfo|x64
		{DD03939C-0E1B-3114-8D56-3CE9534A9A72}.RelWithDebInfo|x64.Build.0 = RelWithDebInfo|x64
		{DD03939C-0E1B-3114-8D56-3CE9534A9A72}.RelWithDebInfo|x86.ActiveCfg = RelWithDebInfo|x64
		{DD03939C-0E1B-3114-8D56-3CE9534A9A72}.RelWithDebInfo|x86.Build.0 = RelWithDebInfo|x64
		{C39F4B46-6E89-4074-902E-CA57073044D2}.Debug|x64.ActiveCfg = Debug|x64
		{C39F4B46-6E89-4074-902E-CA57073044D2}.Debug|x64.Build.0 = Debug|x64
		{C39F4B46-6E89-4074-902E-CA57073044D2}.Debug|x86.ActiveCfg = Debug|Win32
		{C39F4B46-6E89-4074-902E-CA57073044D2}.Debug|x86.Build.0 = Debug|Win32
		{C39F4B46-6E89-4074-902E-CA57073044D2}.DLL-Import Debug|x64.ActiveCfg = DLL-Import Debug|x64
		{C39F4B46-6E89-4074-902E-CA57073044D2}.DLL-Import Debug|x64.Build.0 = DLL-Import Debug|x64
		{C39F4B46-6E89-4074-902E-CA57073044D2}.DLL-Import Debug|x86.ActiveCfg = DLL-Import Debug|Win32
		{C39F4B46-6E89-4074-902E-CA57073044D2}.DLL-Import Debug|x86.Build.0 = DLL-Import Debug|Win32
		{C39F4B46-6E89-4074-902E-CA57073044D2}.DLL-Import Release|x64.ActiveCfg = DLL-Import Release|x64
		{C39F4B46-6E89-4074-902E-CA57073044D2}.DLL-Import Release|x64.Build.0 = DLL-Import Release|x64
		{C39F4B46-6E89-4074-902E-CA57073044D2}.DLL-Import Release|x86.ActiveCfg = DLL-Import Release|Win32
		{C39F4B46-6E89-4074-902E-CA57073044D2}.DLL-Import Release|x86.Build.0 = DLL-Import Release|Win32
		{C39F4B46-6E89-4074-902E-CA57073044D2}.MinSizeRel|x64.ActiveCfg = Debug|x64
		{C39F4B46-6E89-4074-902E-CA57073044D2}.MinSizeRel|x64.Build.0 = Debug|x64
		{C39F4B46-6E89-4074-902E-CA57073044D2}.MinSizeRel|x86.ActiveCfg = Debug|Win32
		{C39F4B46-6E89-4074-902E-CA57073044D2}.MinSizeRel|x86.Build.0 = Debug|Win32
		{C39F4B46-6E89-4074-902E-CA57073044D2}.Release|x64.ActiveCfg = Release|x64
		{C39F4B46-6E89-4074-902E-CA57073044D2}.Release|x64.Build.0 = Release|x64
		{C39F4B46-6E89-4074-902E-CA57073044D2}.Release|x86.ActiveCfg = Release|Win32
		{C39F4B46-6E89-4074-902E-CA57073044D2}.Release|x86.Build.0 = Release|Win32
		{C39F4B46-6E89-4074-902E-CA57073044D2}.RelWithDebInfo|x64.ActiveCfg = Release|x64
		{C39F4B46-6E89-4074-902E-CA57073044D2}.RelWithDebInfo|x64.Build.0 = Release|x64
		{C39F4B46-6E89-4074-902E-CA57073044D2}.RelWithDebInfo|x86.ActiveCfg = Release|Win32
		{C39F4B46-6E89-4074-902E-CA57073044D2}.RelWithDebInfo|x86.Build.0 = Release|Win32
	EndGlobalSection
	GlobalSection(SolutionProperties) = preSolution
		HideSolutionNode = FALSE
	EndGlobalSection
	GlobalSection(ExtensibilityGlobals) = postSolution
		SolutionGuid = {82D83EC4-9F9E-4A77-9914-7A808ED5A3A7}
	EndGlobalSection
EndGlobal
